
Microsoft Visual Studio Solution File, Format Version 12.00
# Visual Studio Version 17
VisualStudioVersion = 17.7.34031.279
MinimumVisualStudioVersion = 10.0.40219.1
Project("{9A19103F-16F7-4668-BE54-9A1E7A4F7556}") = "DataAccess", "DataAccess\DataAccess.csproj", "{FAC65223-484E-48AA-9FAA-766646F16978}"
EndProject
Project("{9A19103F-16F7-4668-BE54-9A1E7A4F7556}") = "Repository", "Repository\Repository.csproj", "{3C70A1D4-3B86-483C-9FF1-C8803C023184}"
EndProject
Project("{9A19103F-16F7-4668-BE54-9A1E7A4F7556}") = "BusinessLogic", "BusinessLogic\BusinessLogic.csproj", "{7CCE3973-A39F-48C7-BDEF-AA6A52F18927}"
EndProject
Project("{9A19103F-16F7-4668-BE54-9A1E7A4F7556}") = "BusinessObject", "BusinessObject\BusinessObject.csproj", "{C5D86233-C8CD-43BC-9CE0-F2633F67EE12}"
EndProject
Project("{9A19103F-16F7-4668-BE54-9A1E7A4F7556}") = "BirdCageProduction.Web", "BirdCageProduction.Web\BirdCageProduction.Web.csproj", "{D6EDBBB2-609C-4D01-A366-0AD6102E9310}"
EndProject
Global
	GlobalSection(SolutionConfigurationPlatforms) = preSolution
		Debug|Any CPU = Debug|Any CPU
		Release|Any CPU = Release|Any CPU
	EndGlobalSection
	GlobalSection(ProjectConfigurationPlatforms) = postSolution
		{FAC65223-484E-48AA-9FAA-766646F16978}.Debug|Any CPU.ActiveCfg = Debug|Any CPU
		{FAC65223-484E-48AA-9FAA-766646F16978}.Debug|Any CPU.Build.0 = Debug|Any CPU
		{FAC65223-484E-48AA-9FAA-766646F16978}.Release|Any CPU.ActiveCfg = Release|Any CPU
		{FAC65223-484E-48AA-9FAA-766646F16978}.Release|Any CPU.Build.0 = Release|Any CPU
		{3C70A1D4-3B86-483C-9FF1-C8803C023184}.Debug|Any CPU.ActiveCfg = Debug|Any CPU
		{3C70A1D4-3B86-483C-9FF1-C8803C023184}.Debug|Any CPU.Build.0 = Debug|Any CPU
		{3C70A1D4-3B86-483C-9FF1-C8803C023184}.Release|Any CPU.ActiveCfg = Release|Any CPU
		{3C70A1D4-3B86-483C-9FF1-C8803C023184}.Release|Any CPU.Build.0 = Release|Any CPU
		{7CCE3973-A39F-48C7-BDEF-AA6A52F18927}.Debug|Any CPU.ActiveCfg = Debug|Any CPU
		{7CCE3973-A39F-48C7-BDEF-AA6A52F18927}.Debug|Any CPU.Build.0 = Debug|Any CPU
		{7CCE3973-A39F-48C7-BDEF-AA6A52F18927}.Release|Any CPU.ActiveCfg = Release|Any CPU
		{7CCE3973-A39F-48C7-BDEF-AA6A52F18927}.Release|Any CPU.Build.0 = Release|Any CPU
		{C5D86233-C8CD-43BC-9CE0-F2633F67EE12}.Debug|Any CPU.ActiveCfg = Debug|Any CPU
		{C5D86233-C8CD-43BC-9CE0-F2633F67EE12}.Debug|Any CPU.Build.0 = Debug|Any CPU
		{C5D86233-C8CD-43BC-9CE0-F2633F67EE12}.Release|Any CPU.ActiveCfg = Release|Any CPU
		{C5D86233-C8CD-43BC-9CE0-F2633F67EE12}.Release|Any CPU.Build.0 = Release|Any CPU
		{D6EDBBB2-609C-4D01-A366-0AD6102E9310}.Debug|Any CPU.ActiveCfg = Debug|Any CPU
		{D6EDBBB2-609C-4D01-A366-0AD6102E9310}.Debug|Any CPU.Build.0 = Debug|Any CPU
		{D6EDBBB2-609C-4D01-A366-0AD6102E9310}.Release|Any CPU.ActiveCfg = Release|Any CPU
		{D6EDBBB2-609C-4D01-A366-0AD6102E9310}.Release|Any CPU.Build.0 = Release|Any CPU
	EndGlobalSection
	GlobalSection(SolutionProperties) = preSolution
		HideSolutionNode = FALSE
	EndGlobalSection
	GlobalSection(ExtensibilityGlobals) = postSolution
		SolutionGuid = {02961D0F-D264-48FE-8331-14BB6A50F26D}
	EndGlobalSection
EndGlobal
