
Microsoft Visual Studio Solution File, Format Version 12.00
# Visual Studio Version 17
VisualStudioVersion = 17.7.34031.279
MinimumVisualStudioVersion = 10.0.40219.1
Project("{9A19103F-16F7-4668-BE54-9A1E7A4F7556}") = "DataAccess", "DataAccess\DataAccess.csproj", "{FAC65223-484E-48AA-9FAA-766646F16978}"
EndProject
Project("{9A19103F-16F7-4668-BE54-9A1E7A4F7556}") = "Repository", "Repository\Repository.csproj", "{3C70A1D4-3B86-483C-9FF1-C8803C023184}"
EndProject
Project("{9A19103F-16F7-4668-BE54-9A1E7A4F7556}") = "BusinessObject", "BusinessObject\BusinessObject.csproj", "{A94F1183-71FA-4AB0-BE91-2EBB83A0262C}"
EndProject
Project("{FAE04EC0-301F-11D3-BF4B-00C04F79EFBC}") = "BirdCageProduction.Web", "BirdCageProduction.Web\BirdCageProduction.Web.csproj", "{D429BAC2-B235-4CDD-A773-44B6B0AE6C7F}"
EndProject
Project("{FAE04EC0-301F-11D3-BF4B-00C04F79EFBC}") = "BusinessLogic", "BusinessLogic\BusinessLogic.csproj", "{7CCE3973-A39F-48C7-BDEF-AA6A52F18927}"
EndProject
Global
	GlobalSection(SolutionConfigurationPlatforms) = preSolution
		Debug|Any CPU = Debug|Any CPU
		Release|Any CPU = Release|Any CPU
	EndGlobalSection
	GlobalSection(ProjectConfigurationPlatforms) = postSolution
		{FAC65223-484E-48AA-9FAA-766646F16978}.Debug|Any CPU.ActiveCfg = Debug|Any CPU
		{FAC65223-484E-48AA-9FAA-766646F16978}.Debug|Any CPU.Build.0 = Debug|Any CPU
		{FAC65223-484E-48AA-9FAA-766646F16978}.Release|Any CPU.ActiveCfg = Release|Any CPU
		{FAC65223-484E-48AA-9FAA-766646F16978}.Release|Any CPU.Build.0 = Release|Any CPU
		{3C70A1D4-3B86-483C-9FF1-C8803C023184}.Debug|Any CPU.ActiveCfg = Debug|Any CPU
		{3C70A1D4-3B86-483C-9FF1-C8803C023184}.Debug|Any CPU.Build.0 = Debug|Any CPU
		{3C70A1D4-3B86-483C-9FF1-C8803C023184}.Release|Any CPU.ActiveCfg = Release|Any CPU
		{3C70A1D4-3B86-483C-9FF1-C8803C023184}.Release|Any CPU.Build.0 = Release|Any CPU
		{A94F1183-71FA-4AB0-BE91-2EBB83A0262C}.Debug|Any CPU.ActiveCfg = Debug|Any CPU
		{A94F1183-71FA-4AB0-BE91-2EBB83A0262C}.Debug|Any CPU.Build.0 = Debug|Any CPU
		{A94F1183-71FA-4AB0-BE91-2EBB83A0262C}.Release|Any CPU.ActiveCfg = Release|Any CPU
		{A94F1183-71FA-4AB0-BE91-2EBB83A0262C}.Release|Any CPU.Build.0 = Release|Any CPU
		{D429BAC2-B235-4CDD-A773-44B6B0AE6C7F}.Debug|Any CPU.ActiveCfg = Debug|Any CPU
		{D429BAC2-B235-4CDD-A773-44B6B0AE6C7F}.Debug|Any CPU.Build.0 = Debug|Any CPU
		{D429BAC2-B235-4CDD-A773-44B6B0AE6C7F}.Release|Any CPU.ActiveCfg = Release|Any CPU
		{D429BAC2-B235-4CDD-A773-44B6B0AE6C7F}.Release|Any CPU.Build.0 = Release|Any CPU
		{7CCE3973-A39F-48C7-BDEF-AA6A52F18927}.Debug|Any CPU.ActiveCfg = Debug|Any CPU
		{7CCE3973-A39F-48C7-BDEF-AA6A52F18927}.Debug|Any CPU.Build.0 = Debug|Any CPU
		{7CCE3973-A39F-48C7-BDEF-AA6A52F18927}.Release|Any CPU.ActiveCfg = Release|Any CPU
		{7CCE3973-A39F-48C7-BDEF-AA6A52F18927}.Release|Any CPU.Build.0 = Release|Any CPU
	EndGlobalSection
	GlobalSection(SolutionProperties) = preSolution
		HideSolutionNode = FALSE
	EndGlobalSection
	GlobalSection(ExtensibilityGlobals) = postSolution
		SolutionGuid = {02961D0F-D264-48FE-8331-14BB6A50F26D}
	EndGlobalSection
EndGlobal
